// !$*UTF8*$!
{
	archiveVersion = 1;
	classes = {
	};
	objectVersion = 56;
	objects = {

/* Begin PBXBuildFile section */
		83EEC63C2BFB71FB00E37E66 /* AppDelegate.swift in Sources */ = {isa = PBXBuildFile; fileRef = 83EEC63B2BFB71FB00E37E66 /* AppDelegate.swift */; };
		83EEC63E2BFB71FB00E37E66 /* SceneDelegate.swift in Sources */ = {isa = PBXBuildFile; fileRef = 83EEC63D2BFB71FB00E37E66 /* SceneDelegate.swift */; };
		83EEC6402BFB71FB00E37E66 /* ViewController.swift in Sources */ = {isa = PBXBuildFile; fileRef = 83EEC63F2BFB71FB00E37E66 /* ViewController.swift */; };
		83EEC6432BFB71FB00E37E66 /* Main.storyboard in Resources */ = {isa = PBXBuildFile; fileRef = 83EEC6412BFB71FB00E37E66 /* Main.storyboard */; };
		83EEC6452BFB71FB00E37E66 /* Assets.xcassets in Resources */ = {isa = PBXBuildFile; fileRef = 83EEC6442BFB71FB00E37E66 /* Assets.xcassets */; };
		83EEC6482BFB71FB00E37E66 /* LaunchScreen.storyboard in Resources */ = {isa = PBXBuildFile; fileRef = 83EEC6462BFB71FB00E37E66 /* LaunchScreen.storyboard */; };
		83EEC6512BFB74B100E37E66 /* SpringAnimation in Frameworks */ = {isa = PBXBuildFile; productRef = 83EEC6502BFB74B100E37E66 /* SpringAnimation */; };
		83EEC6572BFB7AD500E37E66 /* Data Store.swift in Sources */ = {isa = PBXBuildFile; fileRef = 83EEC6562BFB7AD500E37E66 /* Data Store.swift */; };
		83EEC65A2BFB7B4E00E37E66 /* Animation.swift in Sources */ = {isa = PBXBuildFile; fileRef = 83EEC6592BFB7B4E00E37E66 /* Animation.swift */; };
/* End PBXBuildFile section */

/* Begin PBXFileReference section */
		83EEC6382BFB71FB00E37E66 /* AnimationApp.app */ = {isa = PBXFileReference; explicitFileType = wrapper.application; includeInIndex = 0; path = AnimationApp.app; sourceTree = BUILT_PRODUCTS_DIR; };
		83EEC63B2BFB71FB00E37E66 /* AppDelegate.swift */ = {isa = PBXFileReference; lastKnownFileType = sourcecode.swift; path = AppDelegate.swift; sourceTree = "<group>"; };
		83EEC63D2BFB71FB00E37E66 /* SceneDelegate.swift */ = {isa = PBXFileReference; lastKnownFileType = sourcecode.swift; path = SceneDelegate.swift; sourceTree = "<group>"; };
		83EEC63F2BFB71FB00E37E66 /* ViewController.swift */ = {isa = PBXFileReference; lastKnownFileType = sourcecode.swift; path = ViewController.swift; sourceTree = "<group>"; };
		83EEC6422BFB71FB00E37E66 /* Base */ = {isa = PBXFileReference; lastKnownFileType = file.storyboard; name = Base; path = Base.lproj/Main.storyboard; sourceTree = "<group>"; };
		83EEC6442BFB71FB00E37E66 /* Assets.xcassets */ = {isa = PBXFileReference; lastKnownFileType = folder.assetcatalog; path = Assets.xcassets; sourceTree = "<group>"; };
		83EEC6472BFB71FB00E37E66 /* Base */ = {isa = PBXFileReference; lastKnownFileType = file.storyboard; name = Base; path = Base.lproj/LaunchScreen.storyboard; sourceTree = "<group>"; };
		83EEC6492BFB71FB00E37E66 /* Info.plist */ = {isa = PBXFileReference; lastKnownFileType = text.plist.xml; path = Info.plist; sourceTree = "<group>"; };
		83EEC6562BFB7AD500E37E66 /* Data Store.swift */ = {isa = PBXFileReference; lastKnownFileType = sourcecode.swift; path = "Data Store.swift"; sourceTree = "<group>"; };
		83EEC6592BFB7B4E00E37E66 /* Animation.swift */ = {isa = PBXFileReference; lastKnownFileType = sourcecode.swift; path = Animation.swift; sourceTree = "<group>"; };
/* End PBXFileReference section */

/* Begin PBXFrameworksBuildPhase section */
		83EEC6352BFB71FB00E37E66 /* Frameworks */ = {
			isa = PBXFrameworksBuildPhase;
			buildActionMask = 2147483647;
			files = (
				83EEC6512BFB74B100E37E66 /* SpringAnimation in Frameworks */,
			);
			runOnlyForDeploymentPostprocessing = 0;
		};
/* End PBXFrameworksBuildPhase section */

/* Begin PBXGroup section */
		83EEC62F2BFB71FB00E37E66 = {
			isa = PBXGroup;
			children = (
				83EEC63A2BFB71FB00E37E66 /* AnimationApp */,
				83EEC6392BFB71FB00E37E66 /* Products */,
			);
			sourceTree = "<group>";
		};
		83EEC6392BFB71FB00E37E66 /* Products */ = {
			isa = PBXGroup;
			children = (
				83EEC6382BFB71FB00E37E66 /* AnimationApp.app */,
			);
			name = Products;
			sourceTree = "<group>";
		};
		83EEC63A2BFB71FB00E37E66 /* AnimationApp */ = {
			isa = PBXGroup;
			children = (
				83EEC65B2BFB7B6900E37E66 /* Models */,
				83EEC6582BFB7B3400E37E66 /* Services */,
				83EEC6542BFB79E500E37E66 /* ViewControllers */,
				83EEC6522BFB792F00E37E66 /* Storyboards */,
				83EEC6532BFB794700E37E66 /* App */,
				83EEC6442BFB71FB00E37E66 /* Assets.xcassets */,
			);
			path = AnimationApp;
			sourceTree = "<group>";
		};
		83EEC6522BFB792F00E37E66 /* Storyboards */ = {
			isa = PBXGroup;
			children = (
				83EEC6412BFB71FB00E37E66 /* Main.storyboard */,
				83EEC6462BFB71FB00E37E66 /* LaunchScreen.storyboard */,
			);
			path = Storyboards;
			sourceTree = "<group>";
		};
		83EEC6532BFB794700E37E66 /* App */ = {
			isa = PBXGroup;
			children = (
				83EEC63B2BFB71FB00E37E66 /* AppDelegate.swift */,
				83EEC63D2BFB71FB00E37E66 /* SceneDelegate.swift */,
				83EEC6492BFB71FB00E37E66 /* Info.plist */,
			);
			path = App;
			sourceTree = "<group>";
		};
		83EEC6542BFB79E500E37E66 /* ViewControllers */ = {
			isa = PBXGroup;
			children = (
				83EEC63F2BFB71FB00E37E66 /* ViewController.swift */,
			);
			path = ViewControllers;
			sourceTree = "<group>";
		};
		83EEC6582BFB7B3400E37E66 /* Services */ = {
			isa = PBXGroup;
			children = (
				83EEC6562BFB7AD500E37E66 /* Data Store.swift */,
			);
			path = Services;
			sourceTree = "<group>";
		};
		83EEC65B2BFB7B6900E37E66 /* Models */ = {
			isa = PBXGroup;
			children = (
				83EEC6592BFB7B4E00E37E66 /* Animation.swift */,
			);
			path = Models;
			sourceTree = "<group>";
		};
/* End PBXGroup section */

/* Begin PBXNativeTarget section */
		83EEC6372BFB71FB00E37E66 /* AnimationApp */ = {
			isa = PBXNativeTarget;
			buildConfigurationList = 83EEC64C2BFB71FB00E37E66 /* Build configuration list for PBXNativeTarget "AnimationApp" */;
			buildPhases = (
				83EEC6342BFB71FB00E37E66 /* Sources */,
				83EEC6352BFB71FB00E37E66 /* Frameworks */,
				83EEC6362BFB71FB00E37E66 /* Resources */,
			);
			buildRules = (
			);
			dependencies = (
			);
			name = AnimationApp;
			packageProductDependencies = (
				83EEC6502BFB74B100E37E66 /* SpringAnimation */,
			);
			productName = AnimationApp;
			productReference = 83EEC6382BFB71FB00E37E66 /* AnimationApp.app */;
			productType = "com.apple.product-type.application";
		};
/* End PBXNativeTarget section */

/* Begin PBXProject section */
		83EEC6302BFB71FB00E37E66 /* Project object */ = {
			isa = PBXProject;
			attributes = {
				BuildIndependentTargetsInParallel = 1;
				LastSwiftUpdateCheck = 1510;
				LastUpgradeCheck = 1510;
				TargetAttributes = {
					83EEC6372BFB71FB00E37E66 = {
						CreatedOnToolsVersion = 15.1;
					};
				};
			};
			buildConfigurationList = 83EEC6332BFB71FB00E37E66 /* Build configuration list for PBXProject "AnimationApp" */;
			compatibilityVersion = "Xcode 14.0";
			developmentRegion = en;
			hasScannedForEncodings = 0;
			knownRegions = (
				en,
				Base,
			);
			mainGroup = 83EEC62F2BFB71FB00E37E66;
			packageReferences = (
				83EEC64F2BFB74B100E37E66 /* XCRemoteSwiftPackageReference "SpringAnimation" */,
			);
			productRefGroup = 83EEC6392BFB71FB00E37E66 /* Products */;
			projectDirPath = "";
			projectRoot = "";
			targets = (
				83EEC6372BFB71FB00E37E66 /* AnimationApp */,
			);
		};
/* End PBXProject section */

/* Begin PBXResourcesBuildPhase section */
		83EEC6362BFB71FB00E37E66 /* Resources */ = {
			isa = PBXResourcesBuildPhase;
			buildActionMask = 2147483647;
			files = (
				83EEC6482BFB71FB00E37E66 /* LaunchScreen.storyboard in Resources */,
				83EEC6452BFB71FB00E37E66 /* Assets.xcassets in Resources */,
				83EEC6432BFB71FB00E37E66 /* Main.storyboard in Resources */,
			);
			runOnlyForDeploymentPostprocessing = 0;
		};
/* End PBXResourcesBuildPhase section */

/* Begin PBXSourcesBuildPhase section */
		83EEC6342BFB71FB00E37E66 /* Sources */ = {
			isa = PBXSourcesBuildPhase;
			buildActionMask = 2147483647;
			files = (
				83EEC6402BFB71FB00E37E66 /* ViewController.swift in Sources */,
				83EEC63C2BFB71FB00E37E66 /* AppDelegate.swift in Sources */,
				83EEC6572BFB7AD500E37E66 /* Data Store.swift in Sources */,
				83EEC65A2BFB7B4E00E37E66 /* Animation.swift in Sources */,
				83EEC63E2BFB71FB00E37E66 /* SceneDelegate.swift in Sources */,
			);
			runOnlyForDeploymentPostprocessing = 0;
		};
/* End PBXSourcesBuildPhase section */

/* Begin PBXVariantGroup section */
		83EEC6412BFB71FB00E37E66 /* Main.storyboard */ = {
			isa = PBXVariantGroup;
			children = (
				83EEC6422BFB71FB00E37E66 /* Base */,
			);
			name = Main.storyboard;
			sourceTree = "<group>";
		};
		83EEC6462BFB71FB00E37E66 /* LaunchScreen.storyboard */ = {
			isa = PBXVariantGroup;
			children = (
				83EEC6472BFB71FB00E37E66 /* Base */,
			);
			name = LaunchScreen.storyboard;
			sourceTree = "<group>";
		};
/* End PBXVariantGroup section */

/* Begin XCBuildConfiguration section */
		83EEC64A2BFB71FB00E37E66 /* Debug */ = {
			isa = XCBuildConfiguration;
			buildSettings = {
				ALWAYS_SEARCH_USER_PATHS = NO;
				ASSETCATALOG_COMPILER_GENERATE_SWIFT_ASSET_SYMBOL_EXTENSIONS = YES;
				CLANG_ANALYZER_NONNULL = YES;
				CLANG_ANALYZER_NUMBER_OBJECT_CONVERSION = YES_AGGRESSIVE;
				CLANG_CXX_LANGUAGE_STANDARD = "gnu++20";
				CLANG_ENABLE_MODULES = YES;
				CLANG_ENABLE_OBJC_ARC = YES;
				CLANG_ENABLE_OBJC_WEAK = YES;
				CLANG_WARN_BLOCK_CAPTURE_AUTORELEASING = YES;
				CLANG_WARN_BOOL_CONVERSION = YES;
				CLANG_WARN_COMMA = YES;
				CLANG_WARN_CONSTANT_CONVERSION = YES;
				CLANG_WARN_DEPRECATED_OBJC_IMPLEMENTATIONS = YES;
				CLANG_WARN_DIRECT_OBJC_ISA_USAGE = YES_ERROR;
				CLANG_WARN_DOCUMENTATION_COMMENTS = YES;
				CLANG_WARN_EMPTY_BODY = YES;
				CLANG_WARN_ENUM_CONVERSION = YES;
				CLANG_WARN_INFINITE_RECURSION = YES;
				CLANG_WARN_INT_CONVERSION = YES;
				CLANG_WARN_NON_LITERAL_NULL_CONVERSION = YES;
				CLANG_WARN_OBJC_IMPLICIT_RETAIN_SELF = YES;
				CLANG_WARN_OBJC_LITERAL_CONVERSION = YES;
				CLANG_WARN_OBJC_ROOT_CLASS = YES_ERROR;
				CLANG_WARN_QUOTED_INCLUDE_IN_FRAMEWORK_HEADER = YES;
				CLANG_WARN_RANGE_LOOP_ANALYSIS = YES;
				CLANG_WARN_STRICT_PROTOTYPES = YES;
				CLANG_WARN_SUSPICIOUS_MOVE = YES;
				CLANG_WARN_UNGUARDED_AVAILABILITY = YES_AGGRESSIVE;
				CLANG_WARN_UNREACHABLE_CODE = YES;
				CLANG_WARN__DUPLICATE_METHOD_MATCH = YES;
				COPY_PHASE_STRIP = NO;
				DEBUG_INFORMATION_FORMAT = dwarf;
				ENABLE_STRICT_OBJC_MSGSEND = YES;
				ENABLE_TESTABILITY = YES;
				ENABLE_USER_SCRIPT_SANDBOXING = YES;
				GCC_C_LANGUAGE_STANDARD = gnu17;
				GCC_DYNAMIC_NO_PIC = NO;
				GCC_NO_COMMON_BLOCKS = YES;
				GCC_OPTIMIZATION_LEVEL = 0;
				GCC_PREPROCESSOR_DEFINITIONS = (
					"DEBUG=1",
					"$(inherited)",
				);
				GCC_WARN_64_TO_32_BIT_CONVERSION = YES;
				GCC_WARN_ABOUT_RETURN_TYPE = YES_ERROR;
				GCC_WARN_UNDECLARED_SELECTOR = YES;
				GCC_WARN_UNINITIALIZED_AUTOS = YES_AGGRESSIVE;
				GCC_WARN_UNUSED_FUNCTION = YES;
				GCC_WARN_UNUSED_VARIABLE = YES;
				IPHONEOS_DEPLOYMENT_TARGET = 17.2;
				LOCALIZATION_PREFERS_STRING_CATALOGS = YES;
				MTL_ENABLE_DEBUG_INFO = INCLUDE_SOURCE;
				MTL_FAST_MATH = YES;
				ONLY_ACTIVE_ARCH = YES;
				SDKROOT = iphoneos;
				SWIFT_ACTIVE_COMPILATION_CONDITIONS = "DEBUG $(inherited)";
				SWIFT_OPTIMIZATION_LEVEL = "-Onone";
			};
			name = Debug;
		};
		83EEC64B2BFB71FB00E37E66 /* Release */ = {
			isa = XCBuildConfiguration;
			buildSettings = {
				ALWAYS_SEARCH_USER_PATHS = NO;
				ASSETCATALOG_COMPILER_GENERATE_SWIFT_ASSET_SYMBOL_EXTENSIONS = YES;
				CLANG_ANALYZER_NONNULL = YES;
				CLANG_ANALYZER_NUMBER_OBJECT_CONVERSION = YES_AGGRESSIVE;
				CLANG_CXX_LANGUAGE_STANDARD = "gnu++20";
				CLANG_ENABLE_MODULES = YES;
				CLANG_ENABLE_OBJC_ARC = YES;
				CLANG_ENABLE_OBJC_WEAK = YES;
				CLANG_WARN_BLOCK_CAPTURE_AUTORELEASING = YES;
				CLANG_WARN_BOOL_CONVERSION = YES;
				CLANG_WARN_COMMA = YES;
				CLANG_WARN_CONSTANT_CONVERSION = YES;
				CLANG_WARN_DEPRECATED_OBJC_IMPLEMENTATIONS = YES;
				CLANG_WARN_DIRECT_OBJC_ISA_USAGE = YES_ERROR;
				CLANG_WARN_DOCUMENTATION_COMMENTS = YES;
				CLANG_WARN_EMPTY_BODY = YES;
				CLANG_WARN_ENUM_CONVERSION = YES;
				CLANG_WARN_INFINITE_RECURSION = YES;
				CLANG_WARN_INT_CONVERSION = YES;
				CLANG_WARN_NON_LITERAL_NULL_CONVERSION = YES;
				CLANG_WARN_OBJC_IMPLICIT_RETAIN_SELF = YES;
				CLANG_WARN_OBJC_LITERAL_CONVERSION = YES;
				CLANG_WARN_OBJC_ROOT_CLASS = YES_ERROR;
				CLANG_WARN_QUOTED_INCLUDE_IN_FRAMEWORK_HEADER = YES;
				CLANG_WARN_RANGE_LOOP_ANALYSIS = YES;
				CLANG_WARN_STRICT_PROTOTYPES = YES;
				CLANG_WARN_SUSPICIOUS_MOVE = YES;
				CLANG_WARN_UNGUARDED_AVAILABILITY = YES_AGGRESSIVE;
				CLANG_WARN_UNREACHABLE_CODE = YES;
				CLANG_WARN__DUPLICATE_METHOD_MATCH = YES;
				COPY_PHASE_STRIP = NO;
				DEBUG_INFORMATION_FORMAT = "dwarf-with-dsym";
				ENABLE_NS_ASSERTIONS = NO;
				ENABLE_STRICT_OBJC_MSGSEND = YES;
				ENABLE_USER_SCRIPT_SANDBOXING = YES;
				GCC_C_LANGUAGE_STANDARD = gnu17;
				GCC_NO_COMMON_BLOCKS = YES;
				GCC_WARN_64_TO_32_BIT_CONVERSION = YES;
				GCC_WARN_ABOUT_RETURN_TYPE = YES_ERROR;
				GCC_WARN_UNDECLARED_SELECTOR = YES;
				GCC_WARN_UNINITIALIZED_AUTOS = YES_AGGRESSIVE;
				GCC_WARN_UNUSED_FUNCTION = YES;
				GCC_WARN_UNUSED_VARIABLE = YES;
				IPHONEOS_DEPLOYMENT_TARGET = 17.2;
				LOCALIZATION_PREFERS_STRING_CATALOGS = YES;
				MTL_ENABLE_DEBUG_INFO = NO;
				MTL_FAST_MATH = YES;
				SDKROOT = iphoneos;
				SWIFT_COMPILATION_MODE = wholemodule;
				VALIDATE_PRODUCT = YES;
			};
			name = Release;
		};
		83EEC64D2BFB71FB00E37E66 /* Debug */ = {
			isa = XCBuildConfiguration;
			buildSettings = {
				ASSETCATALOG_COMPILER_APPICON_NAME = AppIcon;
				ASSETCATALOG_COMPILER_GLOBAL_ACCENT_COLOR_NAME = AccentColor;
				CODE_SIGN_STYLE = Automatic;
				CURRENT_PROJECT_VERSION = 1;
				GENERATE_INFOPLIST_FILE = YES;
				INFOPLIST_FILE = AnimationApp/App/Info.plist;
				INFOPLIST_KEY_UIApplicationSupportsIndirectInputEvents = YES;
				INFOPLIST_KEY_UILaunchStoryboardName = LaunchScreen;
				INFOPLIST_KEY_UIMainStoryboardFile = Main;
				INFOPLIST_KEY_UISupportedInterfaceOrientations = UIInterfaceOrientationPortrait;
				INFOPLIST_KEY_UISupportedInterfaceOrientations_iPad = "UIInterfaceOrientationLandscapeLeft UIInterfaceOrientationLandscapeRight UIInterfaceOrientationPortrait UIInterfaceOrientationPortraitUpsideDown";
				IPHONEOS_DEPLOYMENT_TARGET = 16.2;
				LD_RUNPATH_SEARCH_PATHS = (
					"$(inherited)",
					"@executable_path/Frameworks",
				);
				MARKETING_VERSION = 1.0;
				PRODUCT_BUNDLE_IDENTIFIER = abdulKarim.AnimationApp;
				PRODUCT_NAME = "$(TARGET_NAME)";
				SUPPORTED_PLATFORMS = "iphoneos iphonesimulator";
				SUPPORTS_MACCATALYST = NO;
				SUPPORTS_MAC_DESIGNED_FOR_IPHONE_IPAD = NO;
				SWIFT_EMIT_LOC_STRINGS = YES;
				SWIFT_VERSION = 5.0;
				TARGETED_DEVICE_FAMILY = 1;
			};
			name = Debug;
		};
		83EEC64E2BFB71FB00E37E66 /* Release */ = {
			isa = XCBuildConfiguration;
			buildSettings = {
				ASSETCATALOG_COMPILER_APPICON_NAME = AppIcon;
				ASSETCATALOG_COMPILER_GLOBAL_ACCENT_COLOR_NAME = AccentColor;
				CODE_SIGN_STYLE = Automatic;
				CURRENT_PROJECT_VERSION = 1;
				GENERATE_INFOPLIST_FILE = YES;
				INFOPLIST_FILE = AnimationApp/App/Info.plist;
				INFOPLIST_KEY_UIApplicationSupportsIndirectInputEvents = YES;
				INFOPLIST_KEY_UILaunchStoryboardName = LaunchScreen;
				INFOPLIST_KEY_UIMainStoryboardFile = Main;
				INFOPLIST_KEY_UISupportedInterfaceOrientations = UIInterfaceOrientationPortrait;
				INFOPLIST_KEY_UISupportedInterfaceOrientations_iPad = "UIInterfaceOrientationLandscapeLeft UIInterfaceOrientationLandscapeRight UIInterfaceOrientationPortrait UIInterfaceOrientationPortraitUpsideDown";
				IPHONEOS_DEPLOYMENT_TARGET = 16.2;
				LD_RUNPATH_SEARCH_PATHS = (
					"$(inherited)",
					"@executable_path/Frameworks",
				);
				MARKETING_VERSION = 1.0;
				PRODUCT_BUNDLE_IDENTIFIER = abdulKarim.AnimationApp;
				PRODUCT_NAME = "$(TARGET_NAME)";
				SUPPORTED_PLATFORMS = "iphoneos iphonesimulator";
				SUPPORTS_MACCATALYST = NO;
				SUPPORTS_MAC_DESIGNED_FOR_IPHONE_IPAD = NO;
				SWIFT_EMIT_LOC_STRINGS = YES;
				SWIFT_VERSION = 5.0;
				TARGETED_DEVICE_FAMILY = 1;
			};
			name = Release;
		};
/* End XCBuildConfiguration section */

/* Begin XCConfigurationList section */
		83EEC6332BFB71FB00E37E66 /* Build configuration list for PBXProject "AnimationApp" */ = {
			isa = XCConfigurationList;
			buildConfigurations = (
				83EEC64A2BFB71FB00E37E66 /* Debug */,
				83EEC64B2BFB71FB00E37E66 /* Release */,
			);
			defaultConfigurationIsVisible = 0;
			defaultConfigurationName = Release;
		};
		83EEC64C2BFB71FB00E37E66 /* Build configuration list for PBXNativeTarget "AnimationApp" */ = {
			isa = XCConfigurationList;
			buildConfigurations = (
				83EEC64D2BFB71FB00E37E66 /* Debug */,
				83EEC64E2BFB71FB00E37E66 /* Release */,
			);
			defaultConfigurationIsVisible = 0;
			defaultConfigurationName = Release;
		};
/* End XCConfigurationList section */

/* Begin XCRemoteSwiftPackageReference section */
		83EEC64F2BFB74B100E37E66 /* XCRemoteSwiftPackageReference "SpringAnimation" */ = {
			isa = XCRemoteSwiftPackageReference;
			repositoryURL = "https://github.com/LexDeBash/SpringAnimation";
			requirement = {
				kind = upToNextMinorVersion;
				minimumVersion = 0.3.0;
			};
		};
/* End XCRemoteSwiftPackageReference section */

/* Begin XCSwiftPackageProductDependency section */
		83EEC6502BFB74B100E37E66 /* SpringAnimation */ = {
			isa = XCSwiftPackageProductDependency;
			package = 83EEC64F2BFB74B100E37E66 /* XCRemoteSwiftPackageReference "SpringAnimation" */;
			productName = SpringAnimation;
		};
/* End XCSwiftPackageProductDependency section */
	};
	rootObject = 83EEC6302BFB71FB00E37E66 /* Project object */;
}
